// !$*UTF8*$!
{
	archiveVersion = 1;
	classes = {
	};
	objectVersion = 50;
	objects = {

/* Begin PBXBuildFile section */
		7AA6E989251FA88500E604AC /* Universal_Link_SwiftUI2_0App.swift in Sources */ = {isa = PBXBuildFile; fileRef = 7AA6E988251FA88500E604AC /* Universal_Link_SwiftUI2_0App.swift */; };
		7AA6E98B251FA88500E604AC /* ContentView.swift in Sources */ = {isa = PBXBuildFile; fileRef = 7AA6E98A251FA88500E604AC /* ContentView.swift */; };
		7AA6E98D251FA88900E604AC /* Assets.xcassets in Resources */ = {isa = PBXBuildFile; fileRef = 7AA6E98C251FA88900E604AC /* Assets.xcassets */; };
		7AA6E990251FA88900E604AC /* Preview Assets.xcassets in Resources */ = {isa = PBXBuildFile; fileRef = 7AA6E98F251FA88900E604AC /* Preview Assets.xcassets */; };
		7AA6E99B251FADCE00E604AC /* ThankYouView.swift in Sources */ = {isa = PBXBuildFile; fileRef = 7AA6E99A251FADCE00E604AC /* ThankYouView.swift */; };
/* End PBXBuildFile section */

/* Begin PBXFileReference section */
		7AA6E985251FA88500E604AC /* Universal-Link-SwiftUI2.0.app */ = {isa = PBXFileReference; explicitFileType = wrapper.application; includeInIndex = 0; path = "Universal-Link-SwiftUI2.0.app"; sourceTree = BUILT_PRODUCTS_DIR; };
		7AA6E988251FA88500E604AC /* Universal_Link_SwiftUI2_0App.swift */ = {isa = PBXFileReference; lastKnownFileType = sourcecode.swift; path = Universal_Link_SwiftUI2_0App.swift; sourceTree = "<group>"; };
		7AA6E98A251FA88500E604AC /* ContentView.swift */ = {isa = PBXFileReference; lastKnownFileType = sourcecode.swift; path = ContentView.swift; sourceTree = "<group>"; };
		7AA6E98C251FA88900E604AC /* Assets.xcassets */ = {isa = PBXFileReference; lastKnownFileType = folder.assetcatalog; path = Assets.xcassets; sourceTree = "<group>"; };
		7AA6E98F251FA88900E604AC /* Preview Assets.xcassets */ = {isa = PBXFileReference; lastKnownFileType = folder.assetcatalog; path = "Preview Assets.xcassets"; sourceTree = "<group>"; };
		7AA6E991251FA88900E604AC /* Info.plist */ = {isa = PBXFileReference; lastKnownFileType = text.plist.xml; path = Info.plist; sourceTree = "<group>"; };
		7AA6E998251FA8D200E604AC /* Universal-Link-SwiftUI2.0.entitlements */ = {isa = PBXFileReference; lastKnownFileType = text.plist.entitlements; path = "Universal-Link-SwiftUI2.0.entitlements"; sourceTree = "<group>"; };
		7AA6E99A251FADCE00E604AC /* ThankYouView.swift */ = {isa = PBXFileReference; lastKnownFileType = sourcecode.swift; path = ThankYouView.swift; sourceTree = "<group>"; };
/* End PBXFileReference section */

/* Begin PBXFrameworksBuildPhase section */
		7AA6E982251FA88500E604AC /* Frameworks */ = {
			isa = PBXFrameworksBuildPhase;
			buildActionMask = 2147483647;
			files = (
			);
			runOnlyForDeploymentPostprocessing = 0;
		};
/* End PBXFrameworksBuildPhase section */

/* Begin PBXGroup section */
		7AA6E97C251FA88500E604AC = {
			isa = PBXGroup;
			children = (
				7AA6E987251FA88500E604AC /* Universal-Link-SwiftUI2.0 */,
				7AA6E986251FA88500E604AC /* Products */,
			);
			sourceTree = "<group>";
		};
		7AA6E986251FA88500E604AC /* Products */ = {
			isa = PBXGroup;
			children = (
				7AA6E985251FA88500E604AC /* Universal-Link-SwiftUI2.0.app */,
			);
			name = Products;
			sourceTree = "<group>";
		};
		7AA6E987251FA88500E604AC /* Universal-Link-SwiftUI2.0 */ = {
			isa = PBXGroup;
			children = (
				7AA6E998251FA8D200E604AC /* Universal-Link-SwiftUI2.0.entitlements */,
				7AA6E988251FA88500E604AC /* Universal_Link_SwiftUI2_0App.swift */,
				7AA6E98A251FA88500E604AC /* ContentView.swift */,
				7AA6E99A251FADCE00E604AC /* ThankYouView.swift */,
				7AA6E98C251FA88900E604AC /* Assets.xcassets */,
				7AA6E991251FA88900E604AC /* Info.plist */,
				7AA6E98E251FA88900E604AC /* Preview Content */,
			);
			path = "Universal-Link-SwiftUI2.0";
			sourceTree = "<group>";
		};
		7AA6E98E251FA88900E604AC /* Preview Content */ = {
			isa = PBXGroup;
			children = (
				7AA6E98F251FA88900E604AC /* Preview Assets.xcassets */,
			);
			path = "Preview Content";
			sourceTree = "<group>";
		};
/* End PBXGroup section */

/* Begin PBXNativeTarget section */
		7AA6E984251FA88500E604AC /* Universal-Link-SwiftUI2.0 */ = {
			isa = PBXNativeTarget;
			buildConfigurationList = 7AA6E994251FA88900E604AC /* Build configuration list for PBXNativeTarget "Universal-Link-SwiftUI2.0" */;
			buildPhases = (
				7AA6E981251FA88500E604AC /* Sources */,
				7AA6E982251FA88500E604AC /* Frameworks */,
				7AA6E983251FA88500E604AC /* Resources */,
			);
			buildRules = (
			);
			dependencies = (
			);
			name = "Universal-Link-SwiftUI2.0";
			productName = "Universal-Link-SwiftUI2.0";
			productReference = 7AA6E985251FA88500E604AC /* Universal-Link-SwiftUI2.0.app */;
			productType = "com.apple.product-type.application";
		};
/* End PBXNativeTarget section */

/* Begin PBXProject section */
		7AA6E97D251FA88500E604AC /* Project object */ = {
			isa = PBXProject;
			attributes = {
				LastSwiftUpdateCheck = 1200;
				LastUpgradeCheck = 1200;
				TargetAttributes = {
					7AA6E984251FA88500E604AC = {
						CreatedOnToolsVersion = 12.0.1;
					};
				};
			};
			buildConfigurationList = 7AA6E980251FA88500E604AC /* Build configuration list for PBXProject "Universal-Link-SwiftUI2.0" */;
			compatibilityVersion = "Xcode 9.3";
			developmentRegion = en;
			hasScannedForEncodings = 0;
			knownRegions = (
				en,
				Base,
			);
			mainGroup = 7AA6E97C251FA88500E604AC;
			productRefGroup = 7AA6E986251FA88500E604AC /* Products */;
			projectDirPath = "";
			projectRoot = "";
			targets = (
				7AA6E984251FA88500E604AC /* Universal-Link-SwiftUI2.0 */,
			);
		};
/* End PBXProject section */

/* Begin PBXResourcesBuildPhase section */
		7AA6E983251FA88500E604AC /* Resources */ = {
			isa = PBXResourcesBuildPhase;
			buildActionMask = 2147483647;
			files = (
				7AA6E990251FA88900E604AC /* Preview Assets.xcassets in Resources */,
				7AA6E98D251FA88900E604AC /* Assets.xcassets in Resources */,
			);
			runOnlyForDeploymentPostprocessing = 0;
		};
/* End PBXResourcesBuildPhase section */

/* Begin PBXSourcesBuildPhase section */
		7AA6E981251FA88500E604AC /* Sources */ = {
			isa = PBXSourcesBuildPhase;
			buildActionMask = 2147483647;
			files = (
				7AA6E98B251FA88500E604AC /* ContentView.swift in Sources */,
				7AA6E989251FA88500E604AC /* Universal_Link_SwiftUI2_0App.swift in Sources */,
				7AA6E99B251FADCE00E604AC /* ThankYouView.swift in Sources */,
			);
			runOnlyForDeploymentPostprocessing = 0;
		};
/* End PBXSourcesBuildPhase section */

/* Begin XCBuildConfiguration section */
		7AA6E992251FA88900E604AC /* Debug */ = {
			isa = XCBuildConfiguration;
			buildSettings = {
				ALWAYS_SEARCH_USER_PATHS = NO;
				CLANG_ANALYZER_NONNULL = YES;
				CLANG_ANALYZER_NUMBER_OBJECT_CONVERSION = YES_AGGRESSIVE;
				CLANG_CXX_LANGUAGE_STANDARD = "gnu++14";
				CLANG_CXX_LIBRARY = "libc++";
				CLANG_ENABLE_MODULES = YES;
				CLANG_ENABLE_OBJC_ARC = YES;
				CLANG_ENABLE_OBJC_WEAK = YES;
				CLANG_WARN_BLOCK_CAPTURE_AUTORELEASING = YES;
				CLANG_WARN_BOOL_CONVERSION = YES;
				CLANG_WARN_COMMA = YES;
				CLANG_WARN_CONSTANT_CONVERSION = YES;
				CLANG_WARN_DEPRECATED_OBJC_IMPLEMENTATIONS = YES;
				CLANG_WARN_DIRECT_OBJC_ISA_USAGE = YES_ERROR;
				CLANG_WARN_DOCUMENTATION_COMMENTS = YES;
				CLANG_WARN_EMPTY_BODY = YES;
				CLANG_WARN_ENUM_CONVERSION = YES;
				CLANG_WARN_INFINITE_RECURSION = YES;
				CLANG_WARN_INT_CONVERSION = YES;
				CLANG_WARN_NON_LITERAL_NULL_CONVERSION = YES;
				CLANG_WARN_OBJC_IMPLICIT_RETAIN_SELF = YES;
				CLANG_WARN_OBJC_LITERAL_CONVERSION = YES;
				CLANG_WARN_OBJC_ROOT_CLASS = YES_ERROR;
				CLANG_WARN_QUOTED_INCLUDE_IN_FRAMEWORK_HEADER = YES;
				CLANG_WARN_RANGE_LOOP_ANALYSIS = YES;
				CLANG_WARN_STRICT_PROTOTYPES = YES;
				CLANG_WARN_SUSPICIOUS_MOVE = YES;
				CLANG_WARN_UNGUARDED_AVAILABILITY = YES_AGGRESSIVE;
				CLANG_WARN_UNREACHABLE_CODE = YES;
				CLANG_WARN__DUPLICATE_METHOD_MATCH = YES;
				COPY_PHASE_STRIP = NO;
				DEBUG_INFORMATION_FORMAT = dwarf;
				ENABLE_STRICT_OBJC_MSGSEND = YES;
				ENABLE_TESTABILITY = YES;
				GCC_C_LANGUAGE_STANDARD = gnu11;
				GCC_DYNAMIC_NO_PIC = NO;
				GCC_NO_COMMON_BLOCKS = YES;
				GCC_OPTIMIZATION_LEVEL = 0;
				GCC_PREPROCESSOR_DEFINITIONS = (
					"DEBUG=1",
					"$(inherited)",
				);
				GCC_WARN_64_TO_32_BIT_CONVERSION = YES;
				GCC_WARN_ABOUT_RETURN_TYPE = YES_ERROR;
				GCC_WARN_UNDECLARED_SELECTOR = YES;
				GCC_WARN_UNINITIALIZED_AUTOS = YES_AGGRESSIVE;
				GCC_WARN_UNUSED_FUNCTION = YES;
				GCC_WARN_UNUSED_VARIABLE = YES;
				IPHONEOS_DEPLOYMENT_TARGET = 14.0;
				MTL_ENABLE_DEBUG_INFO = INCLUDE_SOURCE;
				MTL_FAST_MATH = YES;
				ONLY_ACTIVE_ARCH = YES;
				SDKROOT = iphoneos;
				SWIFT_ACTIVE_COMPILATION_CONDITIONS = DEBUG;
				SWIFT_OPTIMIZATION_LEVEL = "-Onone";
			};
			name = Debug;
		};
		7AA6E993251FA88900E604AC /* Release */ = {
			isa = XCBuildConfiguration;
			buildSettings = {
				ALWAYS_SEARCH_USER_PATHS = NO;
				CLANG_ANALYZER_NONNULL = YES;
				CLANG_ANALYZER_NUMBER_OBJECT_CONVERSION = YES_AGGRESSIVE;
				CLANG_CXX_LANGUAGE_STANDARD = "gnu++14";
				CLANG_CXX_LIBRARY = "libc++";
				CLANG_ENABLE_MODULES = YES;
				CLANG_ENABLE_OBJC_ARC = YES;
				CLANG_ENABLE_OBJC_WEAK = YES;
				CLANG_WARN_BLOCK_CAPTURE_AUTORELEASING = YES;
				CLANG_WARN_BOOL_CONVERSION = YES;
				CLANG_WARN_COMMA = YES;
				CLANG_WARN_CONSTANT_CONVERSION = YES;
				CLANG_WARN_DEPRECATED_OBJC_IMPLEMENTATIONS = YES;
				CLANG_WARN_DIRECT_OBJC_ISA_USAGE = YES_ERROR;
				CLANG_WARN_DOCUMENTATION_COMMENTS = YES;
				CLANG_WARN_EMPTY_BODY = YES;
				CLANG_WARN_ENUM_CONVERSION = YES;
				CLANG_WARN_INFINITE_RECURSION = YES;
				CLANG_WARN_INT_CONVERSION = YES;
				CLANG_WARN_NON_LITERAL_NULL_CONVERSION = YES;
				CLANG_WARN_OBJC_IMPLICIT_RETAIN_SELF = YES;
				CLANG_WARN_OBJC_LITERAL_CONVERSION = YES;
				CLANG_WARN_OBJC_ROOT_CLASS = YES_ERROR;
				CLANG_WARN_QUOTED_INCLUDE_IN_FRAMEWORK_HEADER = YES;
				CLANG_WARN_RANGE_LOOP_ANALYSIS = YES;
				CLANG_WARN_STRICT_PROTOTYPES = YES;
				CLANG_WARN_SUSPICIOUS_MOVE = YES;
				CLANG_WARN_UNGUARDED_AVAILABILITY = YES_AGGRESSIVE;
				CLANG_WARN_UNREACHABLE_CODE = YES;
				CLANG_WARN__DUPLICATE_METHOD_MATCH = YES;
				COPY_PHASE_STRIP = NO;
				DEBUG_INFORMATION_FORMAT = "dwarf-with-dsym";
				ENABLE_NS_ASSERTIONS = NO;
				ENABLE_STRICT_OBJC_MSGSEND = YES;
				GCC_C_LANGUAGE_STANDARD = gnu11;
				GCC_NO_COMMON_BLOCKS = YES;
				GCC_WARN_64_TO_32_BIT_CONVERSION = YES;
				GCC_WARN_ABOUT_RETURN_TYPE = YES_ERROR;
				GCC_WARN_UNDECLARED_SELECTOR = YES;
				GCC_WARN_UNINITIALIZED_AUTOS = YES_AGGRESSIVE;
				GCC_WARN_UNUSED_FUNCTION = YES;
				GCC_WARN_UNUSED_VARIABLE = YES;
				IPHONEOS_DEPLOYMENT_TARGET = 14.0;
				MTL_ENABLE_DEBUG_INFO = NO;
				MTL_FAST_MATH = YES;
				SDKROOT = iphoneos;
				SWIFT_COMPILATION_MODE = wholemodule;
				SWIFT_OPTIMIZATION_LEVEL = "-O";
				VALIDATE_PRODUCT = YES;
			};
			name = Release;
		};
		7AA6E995251FA88900E604AC /* Debug */ = {
			isa = XCBuildConfiguration;
			buildSettings = {
				ASSETCATALOG_COMPILER_APPICON_NAME = AppIcon;
				ASSETCATALOG_COMPILER_GLOBAL_ACCENT_COLOR_NAME = AccentColor;
				CODE_SIGN_ENTITLEMENTS = "Universal-Link-SwiftUI2.0/Universal-Link-SwiftUI2.0.entitlements";
				CODE_SIGN_STYLE = Automatic;
				DEVELOPMENT_ASSET_PATHS = "\"Universal-Link-SwiftUI2.0/Preview Content\"";
				DEVELOPMENT_TEAM = ZD9LN99SX6;
				ENABLE_PREVIEWS = YES;
				INFOPLIST_FILE = "Universal-Link-SwiftUI2.0/Info.plist";
				IPHONEOS_DEPLOYMENT_TARGET = 14.0;
				LD_RUNPATH_SEARCH_PATHS = (
					"$(inherited)",
					"@executable_path/Frameworks",
				);
				PRODUCT_BUNDLE_IDENTIFIER = "com.nelsongonzalez.Universal-Link-SwiftUI2-0";
				PRODUCT_NAME = "$(TARGET_NAME)";
				SWIFT_VERSION = 5.0;
				TARGETED_DEVICE_FAMILY = "1,2";
			};
			name = Debug;
		};
		7AA6E996251FA88900E604AC /* Release */ = {
			isa = XCBuildConfiguration;
			buildSettings = {
				ASSETCATALOG_COMPILER_APPICON_NAME = AppIcon;
				ASSETCATALOG_COMPILER_GLOBAL_ACCENT_COLOR_NAME = AccentColor;
				CODE_SIGN_ENTITLEMENTS = "Universal-Link-SwiftUI2.0/Universal-Link-SwiftUI2.0.entitlements";
				CODE_SIGN_STYLE = Automatic;
				DEVELOPMENT_ASSET_PATHS = "\"Universal-Link-SwiftUI2.0/Preview Content\"";
				DEVELOPMENT_TEAM = ZD9LN99SX6;
				ENABLE_PREVIEWS = YES;
				INFOPLIST_FILE = "Universal-Link-SwiftUI2.0/Info.plist";
				IPHONEOS_DEPLOYMENT_TARGET = 14.0;
				LD_RUNPATH_SEARCH_PATHS = (
					"$(inherited)",
					"@executable_path/Frameworks",
				);
				PRODUCT_BUNDLE_IDENTIFIER = "com.nelsongonzalez.Universal-Link-SwiftUI2-0";
				PRODUCT_NAME = "$(TARGET_NAME)";
				SWIFT_VERSION = 5.0;
				TARGETED_DEVICE_FAMILY = "1,2";
			};
			name = Release;
		};
/* End XCBuildConfiguration section */

/* Begin XCConfigurationList section */
		7AA6E980251FA88500E604AC /* Build configuration list for PBXProject "Universal-Link-SwiftUI2.0" */ = {
			isa = XCConfigurationList;
			buildConfigurations = (
				7AA6E992251FA88900E604AC /* Debug */,
				7AA6E993251FA88900E604AC /* Release */,
			);
			defaultConfigurationIsVisible = 0;
			defaultConfigurationName = Release;
		};
		7AA6E994251FA88900E604AC /* Build configuration list for PBXNativeTarget "Universal-Link-SwiftUI2.0" */ = {
			isa = XCConfigurationList;
			buildConfigurations = (
				7AA6E995251FA88900E604AC /* Debug */,
				7AA6E996251FA88900E604AC /* Release */,
			);
			defaultConfigurationIsVisible = 0;
			defaultConfigurationName = Release;
		};
/* End XCConfigurationList section */
	};
	rootObject = 7AA6E97D251FA88500E604AC /* Project object */;
}
